
Microsoft Visual Studio Solution File, Format Version 12.00
# Visual Studio 2013
VisualStudioVersion = 12.0.30501.0
MinimumVisualStudioVersion = 10.0.40219.1
Project("{FAE04EC0-301F-11D3-BF4B-00C04F79EFBC}") = "DistributedTaskQueue", "DistributedTaskQueue\DistributedTaskQueue.csproj", "{CA3C383A-F5C6-43D3-81B4-4A41EE3505FD}"
EndProject
Project("{2150E333-8FDC-42A3-9474-1A3956D46DE8}") = ".nuget", ".nuget", "{CE3E0672-5BCC-469E-8A9A-3A0591F23E7E}"
	ProjectSection(SolutionItems) = preProject
		.nuget\NuGet.Config = .nuget\NuGet.Config
		.nuget\NuGet.exe = .nuget\NuGet.exe
		.nuget\NuGet.targets = .nuget\NuGet.targets
	EndProjectSection
EndProject
Project("{FAE04EC0-301F-11D3-BF4B-00C04F79EFBC}") = "DistributedTaskQueue.RabbitMQ", "DistributedTaskQueue.RabbitMQ\DistributedTaskQueue.RabbitMQ.csproj", "{15F651D8-D3AB-4D77-9C78-B1576A9D1A1B}"
EndProject
Project("{FAE04EC0-301F-11D3-BF4B-00C04F79EFBC}") = "Tests", "Tests\Tests.csproj", "{DACFAEDB-C113-4B84-8BB2-5C7E579D5317}"
EndProject
Global
	GlobalSection(SolutionConfigurationPlatforms) = preSolution
		Debug|Any CPU = Debug|Any CPU
		Release|Any CPU = Release|Any CPU
	EndGlobalSection
	GlobalSection(ProjectConfigurationPlatforms) = postSolution
		{CA3C383A-F5C6-43D3-81B4-4A41EE3505FD}.Debug|Any CPU.ActiveCfg = Debug|Any CPU
		{CA3C383A-F5C6-43D3-81B4-4A41EE3505FD}.Debug|Any CPU.Build.0 = Debug|Any CPU
		{CA3C383A-F5C6-43D3-81B4-4A41EE3505FD}.Release|Any CPU.ActiveCfg = Release|Any CPU
		{CA3C383A-F5C6-43D3-81B4-4A41EE3505FD}.Release|Any CPU.Build.0 = Release|Any CPU
		{15F651D8-D3AB-4D77-9C78-B1576A9D1A1B}.Debug|Any CPU.ActiveCfg = Debug|Any CPU
		{15F651D8-D3AB-4D77-9C78-B1576A9D1A1B}.Debug|Any CPU.Build.0 = Debug|Any CPU
		{15F651D8-D3AB-4D77-9C78-B1576A9D1A1B}.Release|Any CPU.ActiveCfg = Release|Any CPU
		{15F651D8-D3AB-4D77-9C78-B1576A9D1A1B}.Release|Any CPU.Build.0 = Release|Any CPU
		{DACFAEDB-C113-4B84-8BB2-5C7E579D5317}.Debug|Any CPU.ActiveCfg = Debug|Any CPU
		{DACFAEDB-C113-4B84-8BB2-5C7E579D5317}.Debug|Any CPU.Build.0 = Debug|Any CPU
		{DACFAEDB-C113-4B84-8BB2-5C7E579D5317}.Release|Any CPU.ActiveCfg = Release|Any CPU
		{DACFAEDB-C113-4B84-8BB2-5C7E579D5317}.Release|Any CPU.Build.0 = Release|Any CPU
	EndGlobalSection
	GlobalSection(SolutionProperties) = preSolution
		HideSolutionNode = FALSE
	EndGlobalSection
EndGlobal
